<?xml version="1.0" encoding="utf-8"?>
<Project ToolsVersion="4.0" xmlns="http://schemas.microsoft.com/developer/msbuild/2003">
  <ItemGroup>
    <Filter Include="Source Files">
      <UniqueIdentifier>{4FC737F1-C7A5-4376-A066-2A32D752A2FF}</UniqueIdentifier>
      <Extensions>cpp;c;cc;cxx;def;odl;idl;hpj;bat;asm;asmx</Extensions>
    </Filter>
    <Filter Include="_Framework">
      <UniqueIdentifier>{0b776af2-bfcb-4635-9387-79853b59c5c6}</UniqueIdentifier>
    </Filter>
    <Filter Include="_Libs">
      <UniqueIdentifier>{4c5be921-545b-437d-abf6-b22965c4fb5d}</UniqueIdentifier>
    </Filter>
    <Filter Include="_Libs\GLFW">
      <UniqueIdentifier>{b979670f-aae1-402e-b3d5-d43a51b3b58f}</UniqueIdentifier>
    </Filter>
    <Filter Include="_Libs\Math">
      <UniqueIdentifier>{5a725e20-b8ba-437d-b865-2a932ded042f}</UniqueIdentifier>
    </Filter>
    <Filter Include="_Libs\SB7">
      <UniqueIdentifier>{7a04653b-1280-4bb6-8913-74157071c1bc}</UniqueIdentifier>
    </Filter>
    <Filter Include="_Libs\GLFW\include">
      <UniqueIdentifier>{6d26a4f5-b315-4397-ab58-7e0f585c3f71}</UniqueIdentifier>
    </Filter>
    <Filter Include="_Libs\GLFW\libs">
      <UniqueIdentifier>{dac23a3b-7db6-4ea4-a2f6-bd6b62add261}</UniqueIdentifier>
    </Filter>
    <Filter Include="_Libs\Math\include">
      <UniqueIdentifier>{cc3124a2-899d-4873-bd4d-a9796459bc28}</UniqueIdentifier>
    </Filter>
    <Filter Include="_Libs\Math\libs">
      <UniqueIdentifier>{6f23c860-542f-4746-ac09-d64d5489d90a}</UniqueIdentifier>
    </Filter>
    <Filter Include="_Libs\SB7\include">
      <UniqueIdentifier>{6535de2c-5d5e-496b-9cb7-59af7953ce20}</UniqueIdentifier>
    </Filter>
    <Filter Include="_Libs\SB7\libs">
      <UniqueIdentifier>{fd0124bd-ed25-4000-90eb-0aa61a8076fb}</UniqueIdentifier>
    </Filter>
    <Filter Include="_Libs\GLFW\include\GLFW">
      <UniqueIdentifier>{d02ee729-e16b-49e9-bda6-baad6d69b76f}</UniqueIdentifier>
    </Filter>
    <Filter Include="_Libs\SB7\include\GL">
      <UniqueIdentifier>{304ee52c-df20-48ce-a891-7dc857df1e39}</UniqueIdentifier>
    </Filter>
    <Filter Include="_Libs\File">
      <UniqueIdentifier>{78c56911-8778-4a28-9a08-5f6f5ac66fcb}</UniqueIdentifier>
    </Filter>
    <Filter Include="_Libs\File\include">
      <UniqueIdentifier>{38911d8a-5478-4014-a2b2-c938afcaf8f6}</UniqueIdentifier>
    </Filter>
    <Filter Include="_Libs\File\src">
      <UniqueIdentifier>{7f100fca-cc7c-4180-8e5f-7d280e7dcecd}</UniqueIdentifier>
    </Filter>
    <Filter Include="_Libs\PCSTree">
      <UniqueIdentifier>{f854b09e-69e8-4d64-ace1-c725da8a3f58}</UniqueIdentifier>
    </Filter>
    <Filter Include="_Libs\PCSTree\include">
      <UniqueIdentifier>{30da9a64-1549-4b52-b950-08c4f1698393}</UniqueIdentifier>
    </Filter>
    <Filter Include="_Libs\PCSTree\libs">
      <UniqueIdentifier>{a2d734ef-f33a-4811-a698-5c532c50b14e}</UniqueIdentifier>
    </Filter>
    <Filter Include="Source Files\Shaders">
      <UniqueIdentifier>{6fcdd0df-d27f-409d-a57b-7fd328712999}</UniqueIdentifier>
    </Filter>
    <Filter Include="Source Files\Models">
      <UniqueIdentifier>{c6fa9f41-51d7-45d7-bc06-141ccd60e2b8}</UniqueIdentifier>
    </Filter>
    <Filter Include="Source Files\GraphicsObject">
      <UniqueIdentifier>{09cd7798-1102-475b-8078-88367cbc5437}</UniqueIdentifier>
    </Filter>
    <Filter Include="Source Files\GameObject">
      <UniqueIdentifier>{d97445a3-028b-42a7-9e16-2a74fcfc33d2}</UniqueIdentifier>
    </Filter>
    <Filter Include="Source Files\Game">
      <UniqueIdentifier>{71465948-a1ba-4b79-b5b8-e9246acbee10}</UniqueIdentifier>
    </Filter>
    <Filter Include="Source Files\Assets">
      <UniqueIdentifier>{d300feb3-1cd0-47cd-b0a8-a1b58c1eccce}</UniqueIdentifier>
    </Filter>
    <Filter Include="Source Files\Texture">
      <UniqueIdentifier>{c0cd085b-c28b-4857-a78f-501a63150aa5}</UniqueIdentifier>
    </Filter>
    <Filter Include="Source Files\Input">
      <UniqueIdentifier>{f6e9565d-f2c2-4ca3-bf37-45843d3c5f83}</UniqueIdentifier>
    </Filter>
    <Filter Include="Source Files\Camera">
      <UniqueIdentifier>{4095a549-3123-4e97-964f-9355da471ce7}</UniqueIdentifier>
    </Filter>
    <Filter Include="Source Files\BoundingVolume">
      <UniqueIdentifier>{848e22d8-762c-45b4-97c1-10d2c85fda4f}</UniqueIdentifier>
    </Filter>
    <Filter Include="_Libs\Time">
      <UniqueIdentifier>{00ed222e-0bf0-4508-95f5-28c69078a52d}</UniqueIdentifier>
    </Filter>
    <Filter Include="_Libs\Time\include">
      <UniqueIdentifier>{0837654f-73df-4492-8795-933eca7b043f}</UniqueIdentifier>
    </Filter>
    <Filter Include="_Libs\Time\libs">
      <UniqueIdentifier>{49878480-2b2e-4118-a2ec-b935dde80a1d}</UniqueIdentifier>
    </Filter>
    <Filter Include="Source Files\Animation">
      <UniqueIdentifier>{6b1ceddf-2d87-4f4c-bd9e-c63f81b79536}</UniqueIdentifier>
    </Filter>
    <Filter Include="Source Files\Image">
      <UniqueIdentifier>{b093e91e-acf8-4f3d-aa15-8090728e252a}</UniqueIdentifier>
    </Filter>
    <Filter Include="Source Files\2DPrimitives">
      <UniqueIdentifier>{7b07b76e-39f3-40e1-bd21-254dc7cf9bac}</UniqueIdentifier>
    </Filter>
    <Filter Include="Source Files\Font">
      <UniqueIdentifier>{c590e06a-c947-42de-a232-43ee52e0ed38}</UniqueIdentifier>
    </Filter>
  </ItemGroup>
  <ItemGroup>
    <None Include="ClassDiagram.cd">
      <Filter>Source Files</Filter>
    </None>
    <None Include="..\dist\GLFW\lib\GLFW_X86Debug.pdb">
      <Filter>_Libs\GLFW\libs</Filter>
    </None>
    <None Include="..\dist\SB7\lib\SB7_X86Debug.pdb">
      <Filter>_Libs\SB7\libs</Filter>
    </None>
    <None Include="..\dist\GLFW\lib\GLFW_X86Release.pdb">
      <Filter>_Libs\GLFW\libs</Filter>
    </None>
    <None Include="..\dist\SB7\lib\SB7_X86Release.pdb">
      <Filter>_Libs\SB7\libs</Filter>
    </None>
    <None Include="..\dist\File\lib\File_X86Debug.pdb">
      <Filter>_Libs\File\src</Filter>
    </None>
    <None Include="..\dist\File\lib\File_X86Release.pdb">
      <Filter>_Libs\File\src</Filter>
    </None>
    <None Include="Texture\Texture.cd">
      <Filter>Source Files\Texture</Filter>
    </None>
    <None Include="Shaders\nullRender.fs.glsl">
      <Filter>Source Files\Shaders</Filter>
    </None>
    <None Include="Shaders\nullRender.vs.glsl">
      <Filter>Source Files\Shaders</Filter>
    </None>
    <None Include="Shaders\colorRender.fs.glsl">
      <Filter>Source Files\Shaders</Filter>
    </None>
    <None Include="Shaders\colorRender.vs.glsl">
      <Filter>Source Files\Shaders</Filter>
    </None>
    <None Include="Shaders\texturePointLightDiff.fs.glsl">
      <Filter>Source Files\Shaders</Filter>
    </None>
    <None Include="Shaders\texturePointLightDiff.vs.glsl">
      <Filter>Source Files\Shaders</Filter>
    </None>
    <None Include="Shaders\textureRender.fs.glsl">
      <Filter>Source Files\Shaders</Filter>
    </None>
    <None Include="Shaders\textureRender.vs.glsl">
      <Filter>Source Files\Shaders</Filter>
    </None>
    <None Include="Shaders\constColorRender.fs.glsl">
      <Filter>Source Files\Shaders</Filter>
    </None>
    <None Include="Shaders\constColorRender.vs.glsl">
      <Filter>Source Files\Shaders</Filter>
    </None>
    <None Include="Models\crossModel.azul">
      <Filter>Source Files\Models</Filter>
    </None>
    <None Include="Models\cubeModel.azul">
      <Filter>Source Files\Models</Filter>
    </None>
    <None Include="Models\diamondModel.azul">
      <Filter>Source Files\Models</Filter>
    </None>
    <None Include="Models\pyramidModel.azul">
      <Filter>Source Files\Models</Filter>
    </None>
    <None Include="Shaders\colorSingleRender.fs.glsl">
      <Filter>Source Files\Shaders</Filter>
    </None>
    <None Include="Shaders\colorSingleRender.vs.glsl">
      <Filter>Source Files\Shaders</Filter>
    </None>
    <None Include="..\dist\Time\lib\Time_X86Debug.pdb">
      <Filter>_Libs\Time\libs</Filter>
    </None>
    <None Include="..\dist\Time\lib\Time_X86Release.pdb">
      <Filter>_Libs\Time\libs</Filter>
    </None>
    <None Include="..\Math\lib\Math_X86Debug.pdb">
      <Filter>_Libs\Math\libs</Filter>
    </None>
    <None Include="..\Framework\__DO NOT MODIFY__">
      <Filter>_Framework</Filter>
    </None>
    <None Include="..\Math\lib\Math_X86Release.pdb">
      <Filter>_Libs\Math\libs</Filter>
    </None>
    <None Include="Shaders\spriteRender.fs.glsl">
      <Filter>Source Files\Shaders</Filter>
    </None>
    <None Include="Shaders\spriteRender.vs.glsl">
      <Filter>Source Files\Shaders</Filter>
    </None>
    <None Include="..\PCSTree\src\PCSTree_X86Debug.pdb">
      <Filter>_Libs\PCSTree\libs</Filter>
    </None>
    <None Include="..\PCSTree\src\PCSTree_X86Release.pdb">
      <Filter>_Libs\PCSTree\libs</Filter>
    </None>
    <None Include="Shaders\skinTextureRender.fs.glsl">
      <Filter>Source Files\Shaders</Filter>
    </None>
    <None Include="Shaders\skinTextureRender.vs.glsl">
      <Filter>Source Files\Shaders</Filter>
    </None>
    <None Include="Shaders\skinColorRender.fs.glsl">
      <Filter>Source Files\Shaders</Filter>
    </None>
    <None Include="Shaders\skinColorRender.vs.glsl">
      <Filter>Source Files\Shaders</Filter>
    </None>
    <None Include="Shaders\skinSimpleColorRenderer.fs.glsl">
      <Filter>Source Files\Shaders</Filter>
    </None>
    <None Include="Shaders\skinSimpleColorRenderer.vs.glsl">
      <Filter>Source Files\Shaders</Filter>
    </None>
    <None Include="Shaders\computeMixer.cs.glsl">
      <Filter>Source Files\Shaders</Filter>
    </None>
    <None Include="Shaders\computeWorld.cs.glsl">
      <Filter>Source Files\Shaders</Filter>
    </None>
  </ItemGroup>
  <ItemGroup>
    <ClInclude Include="..\dist\GLFW\include\GLFW\glfw3.h">
      <Filter>_Libs\GLFW\include\GLFW</Filter>
    </ClInclude>
    <ClInclude Include="..\dist\GLFW\include\GLFW\glfw3native.h">
      <Filter>_Libs\GLFW\include\GLFW</Filter>
    </ClInclude>
    <ClInclude Include="..\dist\SB7\include\GL\gl3w.h">
      <Filter>_Libs\SB7\include\GL</Filter>
    </ClInclude>
    <ClInclude Include="..\dist\SB7\include\GL\glcorearb.h">
      <Filter>_Libs\SB7\include\GL</Filter>
    </ClInclude>
    <ClInclude Include="..\dist\SB7\include\GL\glext.h">
      <Filter>_Libs\SB7\include\GL</Filter>
    </ClInclude>
    <ClInclude Include="..\dist\SB7\include\GL\glxext.h">
      <Filter>_Libs\SB7\include\GL</Filter>
    </ClInclude>
    <ClInclude Include="..\dist\SB7\include\GL\wglext.h">
      <Filter>_Libs\SB7\include\GL</Filter>
    </ClInclude>
    <ClInclude Include="..\dist\SB7\include\object.h">
      <Filter>_Libs\SB7\include</Filter>
    </ClInclude>
    <ClInclude Include="..\dist\SB7\include\sb6mfile.h">
      <Filter>_Libs\SB7\include</Filter>
    </ClInclude>
    <ClInclude Include="..\dist\SB7\include\sb7.h">
      <Filter>_Libs\SB7\include</Filter>
    </ClInclude>
    <ClInclude Include="..\dist\SB7\include\sb7color.h">
      <Filter>_Libs\SB7\include</Filter>
    </ClInclude>
    <ClInclude Include="..\dist\SB7\include\sb7ext.h">
      <Filter>_Libs\SB7\include</Filter>
    </ClInclude>
    <ClInclude Include="..\dist\SB7\include\sb7ktx.h">
      <Filter>_Libs\SB7\include</Filter>
    </ClInclude>
    <ClInclude Include="..\dist\SB7\include\sb7textoverlay.h">
      <Filter>_Libs\SB7\include</Filter>
    </ClInclude>
    <ClInclude Include="..\dist\SB7\include\shader.h">
      <Filter>_Libs\SB7\include</Filter>
    </ClInclude>
    <ClInclude Include="..\dist\SB7\include\vmath.h">
      <Filter>_Libs\SB7\include</Filter>
    </ClInclude>
    <ClInclude Include="..\dist\File\include\File.h">
      <Filter>_Libs\File\include</Filter>
    </ClInclude>
    <ClInclude Include="Game\Engine.h">
      <Filter>Source Files\Game</Filter>
    </ClInclude>
    <ClInclude Include="Game\Game.h">
      <Filter>Source Files\Game</Filter>
    </ClInclude>
    <ClInclude Include="GameObject\GameObject.h">
      <Filter>Source Files\GameObject</Filter>
    </ClInclude>
    <ClInclude Include="GraphicsObject\GraphicsObject.h">
      <Filter>Source Files\GraphicsObject</Filter>
    </ClInclude>
    <ClInclude Include="GraphicsObject\GraphicsObject_ColorByPosition.h">
      <Filter>Source Files\GraphicsObject</Filter>
    </ClInclude>
    <ClInclude Include="GraphicsObject\GraphicsObject_Wireframe.h">
      <Filter>Source Files\GraphicsObject</Filter>
    </ClInclude>
    <ClInclude Include="GraphicsObject\RenderMaterial.h">
      <Filter>Source Files\GraphicsObject</Filter>
    </ClInclude>
    <ClInclude Include="Models\CubeModel.h">
      <Filter>Source Files\Models</Filter>
    </ClInclude>
    <ClInclude Include="Models\Model.h">
      <Filter>Source Files\Models</Filter>
    </ClInclude>
    <ClInclude Include="Shaders\ShaderObject.h">
      <Filter>Source Files\Shaders</Filter>
    </ClInclude>
    <ClInclude Include="Texture\Texture.h">
      <Filter>Source Files\Texture</Filter>
    </ClInclude>
    <ClInclude Include="Texture\TGA.h">
      <Filter>Source Files\Texture</Filter>
    </ClInclude>
    <ClInclude Include="GraphicsObject\GraphicsObject_FlatTexture.h">
      <Filter>Source Files\GraphicsObject</Filter>
    </ClInclude>
    <ClInclude Include="Input\Keyboard.h">
      <Filter>Source Files\Input</Filter>
    </ClInclude>
    <ClInclude Include="Input\Mouse.h">
      <Filter>Source Files\Input</Filter>
    </ClInclude>
    <ClInclude Include="Input\InputManager.h">
      <Filter>Source Files\Input</Filter>
    </ClInclude>
    <ClInclude Include="Camera\Camera.h">
      <Filter>Source Files\Camera</Filter>
    </ClInclude>
    <ClInclude Include="GameObject\GameObjectManager.h">
      <Filter>Source Files\GameObject</Filter>
    </ClInclude>
    <ClInclude Include="GraphicsObject\GraphicsObject_Null.h">
      <Filter>Source Files\GraphicsObject</Filter>
    </ClInclude>
    <ClInclude Include="Models\NullModel.h">
      <Filter>Source Files\Models</Filter>
    </ClInclude>
    <ClInclude Include="Shaders\ShaderLink.h">
      <Filter>Source Files\Shaders</Filter>
    </ClInclude>
    <ClInclude Include="Shaders\ShaderManager.h">
      <Filter>Source Files\Shaders</Filter>
    </ClInclude>
    <ClInclude Include="Models\ModelLink.h">
      <Filter>Source Files\Models</Filter>
    </ClInclude>
    <ClInclude Include="Models\ModelManager.h">
      <Filter>Source Files\Models</Filter>
    </ClInclude>
    <ClInclude Include="GraphicsObject\GraphicsObject_TextureLight.h">
      <Filter>Source Files\GraphicsObject</Filter>
    </ClInclude>
    <ClInclude Include="GraphicsObject\GraphicsObject_ConstColor.h">
      <Filter>Source Files\GraphicsObject</Filter>
    </ClInclude>
    <ClInclude Include="Models\ModelFileHeader.h">
      <Filter>Source Files\Models</Filter>
    </ClInclude>
    <ClInclude Include="Models\PyramidModel.h">
      <Filter>Source Files\Models</Filter>
    </ClInclude>
    <ClInclude Include="Models\DiamondModel.h">
      <Filter>Source Files\Models</Filter>
    </ClInclude>
    <ClInclude Include="Models\CrossModel.h">
      <Filter>Source Files\Models</Filter>
    </ClInclude>
    <ClInclude Include="Camera\CamerasManager.h">
      <Filter>Source Files\Camera</Filter>
    </ClInclude>
    <ClInclude Include="Models\SphereModel.h">
      <Filter>Source Files\Models</Filter>
    </ClInclude>
    <ClInclude Include="GraphicsObject\GraphicsObject_WireframeConstantColor.h">
      <Filter>Source Files\GraphicsObject</Filter>
    </ClInclude>
    <ClInclude Include="BoundingVolume\BoundingSphere.h">
      <Filter>Source Files\BoundingVolume</Filter>
    </ClInclude>
    <ClInclude Include="Camera\CameraDemoInput.h">
      <Filter>Source Files\Camera</Filter>
    </ClInclude>
    <ClInclude Include="Camera\CameraModel.h">
      <Filter>Source Files\Camera</Filter>
    </ClInclude>
    <ClInclude Include="BoundingVolume\BoundingSphereGameObject.h">
      <Filter>Source Files\BoundingVolume</Filter>
    </ClInclude>
    <ClInclude Include="Models\ChunkHeader.h">
      <Filter>Source Files\Models</Filter>
    </ClInclude>
    <ClInclude Include="Models\PackageHeader.h">
      <Filter>Source Files\Models</Filter>
    </ClInclude>
    <ClInclude Include="Models\SpaceShipModel.h">
      <Filter>Source Files\Models</Filter>
    </ClInclude>
    <ClInclude Include="Models\AstroBoy.h">
      <Filter>Source Files\Models</Filter>
    </ClInclude>
    <ClInclude Include="Models\MilitaryModel.h">
      <Filter>Source Files\Models</Filter>
    </ClInclude>
    <ClInclude Include="Models\WarBearModel.h">
      <Filter>Source Files\Models</Filter>
    </ClInclude>
    <ClInclude Include="Models\MissileModel.h">
      <Filter>Source Files\Models</Filter>
    </ClInclude>
    <ClInclude Include="..\dist\Time\include\Time.h">
      <Filter>_Libs\Time\include</Filter>
    </ClInclude>
    <ClInclude Include="..\dist\Time\include\Timer.h">
      <Filter>_Libs\Time\include</Filter>
    </ClInclude>
    <ClInclude Include="Game\GameManager.h">
      <Filter>Source Files\Game</Filter>
    </ClInclude>
    <ClInclude Include="Models\EdPyramidModel.h">
      <Filter>Source Files\Models</Filter>
    </ClInclude>
    <ClInclude Include="Animation\Animation.h">
      <Filter>Source Files\Animation</Filter>
    </ClInclude>
    <ClInclude Include="GraphicsObject\GraphicsDebugMessage.h">
      <Filter>Source Files\GraphicsObject</Filter>
    </ClInclude>
    <ClInclude Include="GameObject\GameObjectAnimation.h">
      <Filter>Source Files\GameObject</Filter>
    </ClInclude>
    <ClInclude Include="GameObject\GameObjectRigid.h">
      <Filter>Source Files\GameObject</Filter>
    </ClInclude>
    <ClInclude Include="Animation\TimerController.h">
      <Filter>Source Files\Animation</Filter>
    </ClInclude>
    <ClInclude Include="Animation\Bone.h">
      <Filter>Source Files\Animation</Filter>
    </ClInclude>
    <ClInclude Include="Animation\Mixer.h">
      <Filter>Source Files\Animation</Filter>
    </ClInclude>
    <ClInclude Include="Animation\AnimationController.h">
      <Filter>Source Files\Animation</Filter>
    </ClInclude>
    <ClInclude Include="Animation\Clip.h">
      <Filter>Source Files\Animation</Filter>
    </ClInclude>
    <ClInclude Include="Animation\Skeleton.h">
      <Filter>Source Files\Animation</Filter>
    </ClInclude>
    <ClInclude Include="..\Math\include\Constants.h">
      <Filter>_Libs\Math\include</Filter>
    </ClInclude>
    <ClInclude Include="..\Math\include\Debug.h">
      <Filter>_Libs\Math\include</Filter>
    </ClInclude>
    <ClInclude Include="..\Math\include\Enum.h">
      <Filter>_Libs\Math\include</Filter>
    </ClInclude>
    <ClInclude Include="..\Math\include\MathApp.h">
      <Filter>_Libs\Math\include</Filter>
    </ClInclude>
    <ClInclude Include="..\Math\include\MathEngine.h">
      <Filter>_Libs\Math\include</Filter>
    </ClInclude>
    <ClInclude Include="..\Math\include\Matrix.h">
      <Filter>_Libs\Math\include</Filter>
    </ClInclude>
    <ClInclude Include="..\Math\include\Quat.h">
      <Filter>_Libs\Math\include</Filter>
    </ClInclude>
    <ClInclude Include="..\Math\include\QuatApp.h">
      <Filter>_Libs\Math\include</Filter>
    </ClInclude>
    <ClInclude Include="..\Math\include\Trig.h">
      <Filter>_Libs\Math\include</Filter>
    </ClInclude>
    <ClInclude Include="..\Math\include\Util.h">
      <Filter>_Libs\Math\include</Filter>
    </ClInclude>
    <ClInclude Include="..\Math\include\Vect.h">
      <Filter>_Libs\Math\include</Filter>
    </ClInclude>
    <ClInclude Include="..\Math\include\VectApp.h">
      <Filter>_Libs\Math\include</Filter>
    </ClInclude>
    <ClInclude Include="Animation\AnimationManager.h">
      <Filter>Source Files\Animation</Filter>
    </ClInclude>
    <ClInclude Include="..\Framework\Framework.h">
      <Filter>_Framework</Filter>
    </ClInclude>
    <ClInclude Include="..\Framework\ProjectSettings.h">
      <Filter>_Framework</Filter>
    </ClInclude>
    <ClInclude Include="..\Framework\ThreadFramework.h">
      <Filter>_Framework</Filter>
    </ClInclude>
    <ClInclude Include="Camera\Camera2D.h">
      <Filter>Source Files\Camera</Filter>
    </ClInclude>
    <ClInclude Include="Camera\Camera3D.h">
      <Filter>Source Files\Camera</Filter>
    </ClInclude>
    <ClInclude Include="GameObject\GameObjectNull.h">
      <Filter>Source Files\GameObject</Filter>
    </ClInclude>
    <ClInclude Include="Texture\TextureLink.h">
      <Filter>Source Files\Texture</Filter>
    </ClInclude>
    <ClInclude Include="Texture\TextureManager.h">
      <Filter>Source Files\Texture</Filter>
    </ClInclude>
    <ClInclude Include="GameObject\GameObject2D.h">
      <Filter>Source Files\GameObject</Filter>
    </ClInclude>
    <ClInclude Include="GraphicsObject\GraphicsObject_Sprite.h">
      <Filter>Source Files\GraphicsObject</Filter>
    </ClInclude>
    <ClInclude Include="Image\Image.h">
      <Filter>Source Files\Image</Filter>
    </ClInclude>
    <ClInclude Include="Image\ImageLink.h">
      <Filter>Source Files\Image</Filter>
    </ClInclude>
    <ClInclude Include="Image\ImageManager.h">
      <Filter>Source Files\Image</Filter>
    </ClInclude>
    <ClInclude Include="2DPrimitives\Rectangle.h">
      <Filter>Source Files\2DPrimitives</Filter>
    </ClInclude>
    <ClInclude Include="Models\SpriteModel.h">
      <Filter>Source Files\Models</Filter>
    </ClInclude>
    <ClInclude Include="Models\SpriteVBO.h">
      <Filter>Source Files\Models</Filter>
    </ClInclude>
    <ClInclude Include="..\PCSTree\include\PCSNode.h">
      <Filter>_Libs\PCSTree\include</Filter>
    </ClInclude>
    <ClInclude Include="..\PCSTree\include\PCSTree.h">
      <Filter>_Libs\PCSTree\include</Filter>
    </ClInclude>
    <ClInclude Include="..\PCSTree\include\PCSTreeForwardIterator.h">
      <Filter>_Libs\PCSTree\include</Filter>
    </ClInclude>
    <ClInclude Include="..\PCSTree\include\PCSTreeIterator.h">
      <Filter>_Libs\PCSTree\include</Filter>
    </ClInclude>
    <ClInclude Include="..\PCSTree\include\PCSTreeReverseIterator.h">
      <Filter>_Libs\PCSTree\include</Filter>
    </ClInclude>
    <ClInclude Include="Font\FontManager.h">
      <Filter>Source Files\Font</Filter>
    </ClInclude>
    <ClInclude Include="Font\Font.h">
      <Filter>Source Files\Font</Filter>
    </ClInclude>
    <ClInclude Include="Font\Glyph.h">
      <Filter>Source Files\Font</Filter>
    </ClInclude>
    <ClInclude Include="Font\GlyphManager.h">
      <Filter>Source Files\Font</Filter>
    </ClInclude>
    <ClInclude Include="GameObject\GameObject3D.h">
      <Filter>Source Files\GameObject</Filter>
    </ClInclude>
    <ClInclude Include="GraphicsObject\GraphicsObject_FontSprite.h">
      <Filter>Source Files\GraphicsObject</Filter>
    </ClInclude>
    <ClInclude Include="GameObject\GameObjectFont.h">
      <Filter>Source Files\GameObject</Filter>
    </ClInclude>
    <ClInclude Include="GraphicsObject\GraphicsObject_SkinTexture.h">
      <Filter>Source Files\GraphicsObject</Filter>
    </ClInclude>
    <ClInclude Include="Shaders\SSBO.h">
      <Filter>Source Files\Shaders</Filter>
    </ClInclude>
    <ClInclude Include="Models\AnimPackage.h">
      <Filter>Source Files\Models</Filter>
    </ClInclude>
    <ClInclude Include="Models\TeddyModel2.h">
      <Filter>Source Files\Models</Filter>
    </ClInclude>
    <ClInclude Include="Models\HumanModel.h">
      <Filter>Source Files\Models</Filter>
    </ClInclude>
    <ClInclude Include="GraphicsObject\GraphicsObject_SkinConstantColor.h">
      <Filter>Source Files\GraphicsObject</Filter>
    </ClInclude>
    <ClInclude Include="GraphicsObject\GraphicsObject_SkinSimpleColor.h">
      <Filter>Source Files\GraphicsObject</Filter>
    </ClInclude>
    <ClInclude Include="Models\TeddyModel.h">
      <Filter>Source Files\Models</Filter>
    </ClInclude>
    <ClInclude Include="Animation\AnimationTransition.h">
      <Filter>Source Files\Animation</Filter>
    </ClInclude>
    <ClInclude Include="Models\HierarchyTable.h">
      <Filter>Source Files\Models</Filter>
    </ClInclude>
  </ItemGroup>
  <ItemGroup>
    <ClCompile Include="main.cpp">
      <Filter>Source Files</Filter>
    </ClCompile>
    <ClCompile Include="Game\Engine.cpp">
      <Filter>Source Files\Game</Filter>
    </ClCompile>
    <ClCompile Include="Game\Game.cpp">
      <Filter>Source Files\Game</Filter>
    </ClCompile>
    <ClCompile Include="GameObject\GameObject.cpp">
      <Filter>Source Files\GameObject</Filter>
    </ClCompile>
    <ClCompile Include="GraphicsObject\GraphicsObject.cpp">
      <Filter>Source Files\GraphicsObject</Filter>
    </ClCompile>
    <ClCompile Include="GraphicsObject\GraphicsObject_ColorByPosition.cpp">
      <Filter>Source Files\GraphicsObject</Filter>
    </ClCompile>
    <ClCompile Include="GraphicsObject\GraphicsObject_Wireframe.cpp">
      <Filter>Source Files\GraphicsObject</Filter>
    </ClCompile>
    <ClCompile Include="Models\CubeModel.cpp">
      <Filter>Source Files\Models</Filter>
    </ClCompile>
    <ClCompile Include="Models\Model.cpp">
      <Filter>Source Files\Models</Filter>
    </ClCompile>
    <ClCompile Include="Shaders\ShaderObject.cpp">
      <Filter>Source Files\Shaders</Filter>
    </ClCompile>
    <ClCompile Include="Texture\Texture.cpp">
      <Filter>Source Files\Texture</Filter>
    </ClCompile>
    <ClCompile Include="GraphicsObject\GraphicsObject_FlatTexture.cpp">
      <Filter>Source Files\GraphicsObject</Filter>
    </ClCompile>
    <ClCompile Include="Input\Keyboard.cpp">
      <Filter>Source Files\Input</Filter>
    </ClCompile>
    <ClCompile Include="Input\Mouse.cpp">
      <Filter>Source Files\Input</Filter>
    </ClCompile>
    <ClCompile Include="Input\InputManager.cpp">
      <Filter>Source Files\Input</Filter>
    </ClCompile>
    <ClCompile Include="Camera\Camera.cpp">
      <Filter>Source Files\Camera</Filter>
    </ClCompile>
    <ClCompile Include="GameObject\GameObjectManager.cpp">
      <Filter>Source Files\GameObject</Filter>
    </ClCompile>
    <ClCompile Include="GraphicsObject\GraphicsObject_Null.cpp">
      <Filter>Source Files\GraphicsObject</Filter>
    </ClCompile>
    <ClCompile Include="Models\NullModel.cpp">
      <Filter>Source Files\Models</Filter>
    </ClCompile>
    <ClCompile Include="Shaders\ShaderManager.cpp">
      <Filter>Source Files\Shaders</Filter>
    </ClCompile>
    <ClCompile Include="Models\ModelManager.cpp">
      <Filter>Source Files\Models</Filter>
    </ClCompile>
    <ClCompile Include="GraphicsObject\GraphicsObject_TextureLight.cpp">
      <Filter>Source Files\GraphicsObject</Filter>
    </ClCompile>
    <ClCompile Include="GraphicsObject\GraphicsObject_ConstColor.cpp">
      <Filter>Source Files\GraphicsObject</Filter>
    </ClCompile>
    <ClCompile Include="Models\ModelFileHeader.cpp">
      <Filter>Source Files\Models</Filter>
    </ClCompile>
    <ClCompile Include="Models\PyramidModel.cpp">
      <Filter>Source Files\Models</Filter>
    </ClCompile>
    <ClCompile Include="Models\DiamondModel.cpp">
      <Filter>Source Files\Models</Filter>
    </ClCompile>
    <ClCompile Include="Models\CrossModel.cpp">
      <Filter>Source Files\Models</Filter>
    </ClCompile>
    <ClCompile Include="Camera\CamerasManager.cpp">
      <Filter>Source Files\Camera</Filter>
    </ClCompile>
    <ClCompile Include="Models\SphereModel.cpp">
      <Filter>Source Files\Models</Filter>
    </ClCompile>
    <ClCompile Include="GraphicsObject\GraphicsObject_WireframeConstantColor.cpp">
      <Filter>Source Files\GraphicsObject</Filter>
    </ClCompile>
    <ClCompile Include="BoundingVolume\BoundingSphere.cpp">
      <Filter>Source Files\BoundingVolume</Filter>
    </ClCompile>
    <ClCompile Include="Camera\CameraDemoInput.cpp">
      <Filter>Source Files\Camera</Filter>
    </ClCompile>
    <ClCompile Include="Camera\CameraModel.cpp">
      <Filter>Source Files\Camera</Filter>
    </ClCompile>
    <ClCompile Include="BoundingVolume\BoundingSphereGameObject.cpp">
      <Filter>Source Files\BoundingVolume</Filter>
    </ClCompile>
    <ClCompile Include="Models\SpaceShipModel.cpp">
      <Filter>Source Files\Models</Filter>
    </ClCompile>
    <ClCompile Include="Models\AstroBoy.cpp">
      <Filter>Source Files\Models</Filter>
    </ClCompile>
    <ClCompile Include="Models\MilitaryModel.cpp">
      <Filter>Source Files\Models</Filter>
    </ClCompile>
    <ClCompile Include="Models\WarBearModel.cpp">
      <Filter>Source Files\Models</Filter>
    </ClCompile>
    <ClCompile Include="Models\MissileModel.cpp">
      <Filter>Source Files\Models</Filter>
    </ClCompile>
    <ClCompile Include="Game\GameManager.cpp">
      <Filter>Source Files\Game</Filter>
    </ClCompile>
    <ClCompile Include="Models\EdPyramidModel.cpp">
      <Filter>Source Files\Models</Filter>
    </ClCompile>
    <ClCompile Include="Animation\Animation.cpp">
      <Filter>Source Files\Animation</Filter>
    </ClCompile>
    <ClCompile Include="GraphicsObject\GraphicsDebugMessage.cpp">
      <Filter>Source Files\GraphicsObject</Filter>
    </ClCompile>
    <ClCompile Include="GameObject\GameObjectAnimation.cpp">
      <Filter>Source Files\GameObject</Filter>
    </ClCompile>
    <ClCompile Include="GameObject\GameObjectRigid.cpp">
      <Filter>Source Files\GameObject</Filter>
    </ClCompile>
    <ClCompile Include="Animation\TimerController.cpp">
      <Filter>Source Files\Animation</Filter>
    </ClCompile>
    <ClCompile Include="Animation\Bone.cpp">
      <Filter>Source Files\Animation</Filter>
    </ClCompile>
    <ClCompile Include="Animation\Mixer.cpp">
      <Filter>Source Files\Animation</Filter>
    </ClCompile>
    <ClCompile Include="Animation\AnimationController.cpp">
      <Filter>Source Files\Animation</Filter>
    </ClCompile>
    <ClCompile Include="Animation\Clip.cpp">
      <Filter>Source Files\Animation</Filter>
    </ClCompile>
    <ClCompile Include="Animation\Skeleton.cpp">
      <Filter>Source Files\Animation</Filter>
    </ClCompile>
    <ClCompile Include="Animation\AnimationManager.cpp">
      <Filter>Source Files\Animation</Filter>
    </ClCompile>
    <ClCompile Include="Camera\Camera2D.cpp">
      <Filter>Source Files\Camera</Filter>
    </ClCompile>
    <ClCompile Include="Camera\Camera3D.cpp">
      <Filter>Source Files\Camera</Filter>
    </ClCompile>
    <ClCompile Include="GameObject\GameObjectNull.cpp">
      <Filter>Source Files\GameObject</Filter>
    </ClCompile>
    <ClCompile Include="Texture\TextureManager.cpp">
      <Filter>Source Files\Texture</Filter>
    </ClCompile>
    <ClCompile Include="GameObject\GameObject2D.cpp">
      <Filter>Source Files\GameObject</Filter>
    </ClCompile>
    <ClCompile Include="GraphicsObject\GraphicsObject_Sprite.cpp">
      <Filter>Source Files\GraphicsObject</Filter>
    </ClCompile>
    <ClCompile Include="Image\Image.cpp">
      <Filter>Source Files\Image</Filter>
    </ClCompile>
    <ClCompile Include="Image\ImageManager.cpp">
      <Filter>Source Files\Image</Filter>
    </ClCompile>
    <ClCompile Include="2DPrimitives\Rectangle.cpp">
      <Filter>Source Files\2DPrimitives</Filter>
    </ClCompile>
    <ClCompile Include="Models\SpriteModel.cpp">
      <Filter>Source Files\Models</Filter>
    </ClCompile>
    <ClCompile Include="Font\FontManager.cpp">
      <Filter>Source Files\Font</Filter>
    </ClCompile>
    <ClCompile Include="Font\Font.cpp">
      <Filter>Source Files\Font</Filter>
    </ClCompile>
    <ClCompile Include="Font\Glyph.cpp">
      <Filter>Source Files\Font</Filter>
    </ClCompile>
    <ClCompile Include="Font\GlyphManager.cpp">
      <Filter>Source Files\Font</Filter>
    </ClCompile>
    <ClCompile Include="GameObject\GameObject3D.cpp">
      <Filter>Source Files\GameObject</Filter>
    </ClCompile>
    <ClCompile Include="GraphicsObject\GraphicsObject_FontSprite.cpp">
      <Filter>Source Files\GraphicsObject</Filter>
    </ClCompile>
    <ClCompile Include="GameObject\GameObjectFont.cpp">
      <Filter>Source Files\GameObject</Filter>
    </ClCompile>
    <ClCompile Include="GraphicsObject\GraphicsObject_SkinTexture.cpp">
      <Filter>Source Files\GraphicsObject</Filter>
    </ClCompile>
    <ClCompile Include="Shaders\SSBO.cpp">
      <Filter>Source Files\Shaders</Filter>
    </ClCompile>
    <ClCompile Include="Models\TeddyModel2.cpp">
      <Filter>Source Files\Models</Filter>
    </ClCompile>
    <ClCompile Include="Models\HumanModel.cpp">
      <Filter>Source Files\Models</Filter>
    </ClCompile>
    <ClCompile Include="GraphicsObject\GraphicsObject_SkinConstantColor.cpp">
      <Filter>Source Files\GraphicsObject</Filter>
    </ClCompile>
    <ClCompile Include="GraphicsObject\GraphicsObject_SkinSimpleColor.cpp">
      <Filter>Source Files\GraphicsObject</Filter>
    </ClCompile>
    <ClCompile Include="Models\TeddyModel.cpp">
      <Filter>Source Files\Models</Filter>
    </ClCompile>
    <ClCompile Include="Animation\AnimationTransition.cpp">
      <Filter>Source Files\Animation</Filter>
    </ClCompile>
    <ClCompile Include="Models\HierarchyTable.cpp">
      <Filter>Source Files\Models</Filter>
    </ClCompile>
  </ItemGroup>
  <ItemGroup>
    <Library Include="..\dist\GLFW\lib\GLFW_X86Debug.lib">
      <Filter>_Libs\GLFW\libs</Filter>
    </Library>
    <Library Include="..\dist\SB7\lib\SB7_X86Debug.lib">
      <Filter>_Libs\SB7\libs</Filter>
    </Library>
    <Library Include="..\dist\GLFW\lib\GLFW_X86Release.lib">
      <Filter>_Libs\GLFW\libs</Filter>
    </Library>
    <Library Include="..\dist\SB7\lib\SB7_X86Release.lib">
      <Filter>_Libs\SB7\libs</Filter>
    </Library>
    <Library Include="..\dist\File\lib\File_X86Debug.lib">
      <Filter>_Libs\File\src</Filter>
    </Library>
    <Library Include="..\dist\File\lib\File_X86Release.lib">
      <Filter>_Libs\File\src</Filter>
    </Library>
    <Library Include="..\dist\Time\lib\Time_X86Debug.lib">
      <Filter>_Libs\Time\libs</Filter>
    </Library>
    <Library Include="..\dist\Time\lib\Time_X86Release.lib">
      <Filter>_Libs\Time\libs</Filter>
    </Library>
    <Library Include="..\Math\lib\Math_X86Debug.lib">
      <Filter>_Libs\Math\libs</Filter>
    </Library>
    <Library Include="..\Math\lib\Math_X86Release.lib">
      <Filter>_Libs\Math\libs</Filter>
    </Library>
    <Library Include="..\PCSTree\src\PCSTree_X86Debug.lib">
      <Filter>_Libs\PCSTree\libs</Filter>
    </Library>
    <Library Include="..\PCSTree\src\PCSTree_X86Release.lib">
      <Filter>_Libs\PCSTree\libs</Filter>
    </Library>
  </ItemGroup>
  <ItemGroup>
    <Image Include="Assets\Duckweed.tga">
      <Filter>Source Files\Assets</Filter>
    </Image>
    <Image Include="Assets\RedBrick.tga">
      <Filter>Source Files\Assets</Filter>
    </Image>
    <Image Include="Assets\Rocks.tga">
      <Filter>Source Files\Assets</Filter>
    </Image>
    <Image Include="Assets\Stone.tga">
      <Filter>Source Files\Assets</Filter>
    </Image>
    <Image Include="Assets\HotPink.tga">
      <Filter>Source Files\Assets</Filter>
    </Image>
    <Image Include="Assets\Aliens.tga">
      <Filter>Source Files\Assets</Filter>
    </Image>
    <Image Include="Assets\WorkingTeddyTex.tga">
      <Filter>Source Files\Assets</Filter>
    </Image>
    <Image Include="Assets\TeddyTexNORLE.tga">
      <Filter>Source Files\Assets</Filter>
    </Image>
  </ItemGroup>
</Project>